
Microsoft Visual Studio Solution File, Format Version 12.00
# Visual Studio Version 17
VisualStudioVersion = 17.9.34622.214
MinimumVisualStudioVersion = 10.0.40219.1
Project("{FAE04EC0-301F-11D3-BF4B-00C04F79EFBC}") = "MultitenantApi", "MultitenantApi\MultitenantApi.csproj", "{00C9BE1D-BAD2-4C16-823A-F2C0D499A8BB}"
EndProject
Global
	GlobalSection(SolutionConfigurationPlatforms) = preSolution
		Debug|Any CPU = Debug|Any CPU
		Release|Any CPU = Release|Any CPU
	EndGlobalSection
	GlobalSection(ProjectConfigurationPlatforms) = postSolution
		{00C9BE1D-BAD2-4C16-823A-F2C0D499A8BB}.Debug|Any CPU.ActiveCfg = Debug|Any CPU
		{00C9BE1D-BAD2-4C16-823A-F2C0D499A8BB}.Debug|Any CPU.Build.0 = Debug|Any CPU
		{00C9BE1D-BAD2-4C16-823A-F2C0D499A8BB}.Release|Any CPU.ActiveCfg = Release|Any CPU
		{00C9BE1D-BAD2-4C16-823A-F2C0D499A8BB}.Release|Any CPU.Build.0 = Release|Any CPU
	EndGlobalSection
	GlobalSection(SolutionProperties) = preSolution
		HideSolutionNode = FALSE
	EndGlobalSection
	GlobalSection(ExtensibilityGlobals) = postSolution
		SolutionGuid = {4DD686A7-E493-4A7B-9ABD-9434EE84753C}
	EndGlobalSection
EndGlobal
